
Microsoft Visual Studio Solution File, Format Version 12.00
# Visual Studio Version 16
VisualStudioVersion = 16.0.29201.188
MinimumVisualStudioVersion = 10.0.40219.1
Project("{FAE04EC0-301F-11D3-BF4B-00C04F79EFBC}") = "MVCTutorial", "MVCTutorial.csproj", "{084C68C6-B408-41C3-B9E6-8F75F59FC02E}"
EndProject
Global
	GlobalSection(SolutionConfigurationPlatforms) = preSolution
		Debug|Any CPU = Debug|Any CPU
		Release|Any CPU = Release|Any CPU
	EndGlobalSection
	GlobalSection(ProjectConfigurationPlatforms) = postSolution
		{084C68C6-B408-41C3-B9E6-8F75F59FC02E}.Debug|Any CPU.ActiveCfg = Debug|Any CPU
		{084C68C6-B408-41C3-B9E6-8F75F59FC02E}.Debug|Any CPU.Build.0 = Debug|Any CPU
		{084C68C6-B408-41C3-B9E6-8F75F59FC02E}.Release|Any CPU.ActiveCfg = Release|Any CPU
		{084C68C6-B408-41C3-B9E6-8F75F59FC02E}.Release|Any CPU.Build.0 = Release|Any CPU
	EndGlobalSection
	GlobalSection(SolutionProperties) = preSolution
		HideSolutionNode = FALSE
	EndGlobalSection
	GlobalSection(ExtensibilityGlobals) = postSolution
		SolutionGuid = {6DF79998-F10A-4A52-9050-44C46916D192}
	EndGlobalSection
EndGlobal
