
Microsoft Visual Studio Solution File, Format Version 12.00
# Visual Studio Version 16
VisualStudioVersion = 16.0.29102.190
MinimumVisualStudioVersion = 10.0.40219.1
Project("{FAE04EC0-301F-11D3-BF4B-00C04F79EFBC}") = "Arrays_Loops", "Arrays_Loops.csproj", "{21239E64-06DB-43F7-AC20-F23096EB66AB}"
EndProject
Global
	GlobalSection(SolutionConfigurationPlatforms) = preSolution
		Debug|Any CPU = Debug|Any CPU
		Release|Any CPU = Release|Any CPU
	EndGlobalSection
	GlobalSection(ProjectConfigurationPlatforms) = postSolution
		{21239E64-06DB-43F7-AC20-F23096EB66AB}.Debug|Any CPU.ActiveCfg = Debug|Any CPU
		{21239E64-06DB-43F7-AC20-F23096EB66AB}.Debug|Any CPU.Build.0 = Debug|Any CPU
		{21239E64-06DB-43F7-AC20-F23096EB66AB}.Release|Any CPU.ActiveCfg = Release|Any CPU
		{21239E64-06DB-43F7-AC20-F23096EB66AB}.Release|Any CPU.Build.0 = Release|Any CPU
	EndGlobalSection
	GlobalSection(SolutionProperties) = preSolution
		HideSolutionNode = FALSE
	EndGlobalSection
	GlobalSection(ExtensibilityGlobals) = postSolution
		SolutionGuid = {7E1A1F8B-8006-46B5-818A-0BC01D8546E7}
	EndGlobalSection
EndGlobal
