
Microsoft Visual Studio Solution File, Format Version 12.00
# Visual Studio Version 16
VisualStudioVersion = 16.0.29201.188
MinimumVisualStudioVersion = 10.0.40219.1
Project("{FAE04EC0-301F-11D3-BF4B-00C04F79EFBC}") = "Con_Var_Variables", "Con_Var_Variables.csproj", "{52E85B70-C30E-439A-B105-9368F67C9B97}"
EndProject
Global
	GlobalSection(SolutionConfigurationPlatforms) = preSolution
		Debug|Any CPU = Debug|Any CPU
		Release|Any CPU = Release|Any CPU
	EndGlobalSection
	GlobalSection(ProjectConfigurationPlatforms) = postSolution
		{52E85B70-C30E-439A-B105-9368F67C9B97}.Debug|Any CPU.ActiveCfg = Debug|Any CPU
		{52E85B70-C30E-439A-B105-9368F67C9B97}.Debug|Any CPU.Build.0 = Debug|Any CPU
		{52E85B70-C30E-439A-B105-9368F67C9B97}.Release|Any CPU.ActiveCfg = Release|Any CPU
		{52E85B70-C30E-439A-B105-9368F67C9B97}.Release|Any CPU.Build.0 = Release|Any CPU
	EndGlobalSection
	GlobalSection(SolutionProperties) = preSolution
		HideSolutionNode = FALSE
	EndGlobalSection
	GlobalSection(ExtensibilityGlobals) = postSolution
		SolutionGuid = {3CD9B8D7-91D0-4AA7-916B-E9932109541C}
	EndGlobalSection
EndGlobal
