
Microsoft Visual Studio Solution File, Format Version 12.00
# Visual Studio Version 16
VisualStudioVersion = 16.0.29201.188
MinimumVisualStudioVersion = 10.0.40219.1
Project("{FAE04EC0-301F-11D3-BF4B-00C04F79EFBC}") = "Do_DoWhileLoops", "Do_DoWhileLoops.csproj", "{1BDF1D16-35C2-4576-95B4-8597C09DA2FC}"
EndProject
Global
	GlobalSection(SolutionConfigurationPlatforms) = preSolution
		Debug|Any CPU = Debug|Any CPU
		Release|Any CPU = Release|Any CPU
	EndGlobalSection
	GlobalSection(ProjectConfigurationPlatforms) = postSolution
		{1BDF1D16-35C2-4576-95B4-8597C09DA2FC}.Debug|Any CPU.ActiveCfg = Debug|Any CPU
		{1BDF1D16-35C2-4576-95B4-8597C09DA2FC}.Debug|Any CPU.Build.0 = Debug|Any CPU
		{1BDF1D16-35C2-4576-95B4-8597C09DA2FC}.Release|Any CPU.ActiveCfg = Release|Any CPU
		{1BDF1D16-35C2-4576-95B4-8597C09DA2FC}.Release|Any CPU.Build.0 = Release|Any CPU
	EndGlobalSection
	GlobalSection(SolutionProperties) = preSolution
		HideSolutionNode = FALSE
	EndGlobalSection
	GlobalSection(ExtensibilityGlobals) = postSolution
		SolutionGuid = {C0262AB6-699F-4DDF-B192-0CC1C297A89C}
	EndGlobalSection
EndGlobal
