
Microsoft Visual Studio Solution File, Format Version 12.00
# Visual Studio Version 16
VisualStudioVersion = 16.0.29102.190
MinimumVisualStudioVersion = 10.0.40219.1
Project("{FAE04EC0-301F-11D3-BF4B-00C04F79EFBC}") = "ConsoleApp1", "ConsoleApp1.csproj", "{54A0AFA8-312E-4B9E-8931-8050FD79E172}"
EndProject
Global
	GlobalSection(SolutionConfigurationPlatforms) = preSolution
		Debug|Any CPU = Debug|Any CPU
		Release|Any CPU = Release|Any CPU
	EndGlobalSection
	GlobalSection(ProjectConfigurationPlatforms) = postSolution
		{54A0AFA8-312E-4B9E-8931-8050FD79E172}.Debug|Any CPU.ActiveCfg = Debug|Any CPU
		{54A0AFA8-312E-4B9E-8931-8050FD79E172}.Debug|Any CPU.Build.0 = Debug|Any CPU
		{54A0AFA8-312E-4B9E-8931-8050FD79E172}.Release|Any CPU.ActiveCfg = Release|Any CPU
		{54A0AFA8-312E-4B9E-8931-8050FD79E172}.Release|Any CPU.Build.0 = Release|Any CPU
	EndGlobalSection
	GlobalSection(SolutionProperties) = preSolution
		HideSolutionNode = FALSE
	EndGlobalSection
	GlobalSection(ExtensibilityGlobals) = postSolution
		SolutionGuid = {4CEEC045-F21C-4630-90BB-43790433B5D6}
	EndGlobalSection
EndGlobal
