
Microsoft Visual Studio Solution File, Format Version 12.00
# Visual Studio Version 16
VisualStudioVersion = 16.0.29201.188
MinimumVisualStudioVersion = 10.0.40219.1
Project("{FAE04EC0-301F-11D3-BF4B-00C04F79EFBC}") = "pg124", "pg124.csproj", "{4B9EB322-AE28-4C6A-A739-A8BD4A6F4273}"
EndProject
Global
	GlobalSection(SolutionConfigurationPlatforms) = preSolution
		Debug|Any CPU = Debug|Any CPU
		Release|Any CPU = Release|Any CPU
	EndGlobalSection
	GlobalSection(ProjectConfigurationPlatforms) = postSolution
		{4B9EB322-AE28-4C6A-A739-A8BD4A6F4273}.Debug|Any CPU.ActiveCfg = Debug|Any CPU
		{4B9EB322-AE28-4C6A-A739-A8BD4A6F4273}.Debug|Any CPU.Build.0 = Debug|Any CPU
		{4B9EB322-AE28-4C6A-A739-A8BD4A6F4273}.Release|Any CPU.ActiveCfg = Release|Any CPU
		{4B9EB322-AE28-4C6A-A739-A8BD4A6F4273}.Release|Any CPU.Build.0 = Release|Any CPU
	EndGlobalSection
	GlobalSection(SolutionProperties) = preSolution
		HideSolutionNode = FALSE
	EndGlobalSection
	GlobalSection(ExtensibilityGlobals) = postSolution
		SolutionGuid = {BA56EE71-6155-42A9-BE9F-6D3EFC24DCCE}
	EndGlobalSection
EndGlobal
