
Microsoft Visual Studio Solution File, Format Version 12.00
# Visual Studio Version 16
VisualStudioVersion = 16.0.29102.190
MinimumVisualStudioVersion = 10.0.40219.1
Project("{FAE04EC0-301F-11D3-BF4B-00C04F79EFBC}") = "ConsoleApp_Test", "ConsoleApp_Test.csproj", "{043D9331-51FC-47DF-B955-6639F4591893}"
EndProject
Global
	GlobalSection(SolutionConfigurationPlatforms) = preSolution
		Debug|Any CPU = Debug|Any CPU
		Release|Any CPU = Release|Any CPU
	EndGlobalSection
	GlobalSection(ProjectConfigurationPlatforms) = postSolution
		{043D9331-51FC-47DF-B955-6639F4591893}.Debug|Any CPU.ActiveCfg = Debug|Any CPU
		{043D9331-51FC-47DF-B955-6639F4591893}.Debug|Any CPU.Build.0 = Debug|Any CPU
		{043D9331-51FC-47DF-B955-6639F4591893}.Release|Any CPU.ActiveCfg = Release|Any CPU
		{043D9331-51FC-47DF-B955-6639F4591893}.Release|Any CPU.Build.0 = Release|Any CPU
	EndGlobalSection
	GlobalSection(SolutionProperties) = preSolution
		HideSolutionNode = FALSE
	EndGlobalSection
	GlobalSection(ExtensibilityGlobals) = postSolution
		SolutionGuid = {7A23555C-83FC-42F8-81F3-0BBACD473B0F}
	EndGlobalSection
EndGlobal
